
Microsoft Visual Studio Solution File, Format Version 12.00
# Visual Studio Version 17
VisualStudioVersion = 17.12.35707.178
MinimumVisualStudioVersion = 10.0.40219.1
Project("{FAE04EC0-301F-11D3-BF4B-00C04F79EFBC}") = "MdsAutoPublicize", "MdsAutoPublicize\MdsAutoPublicize.csproj", "{FF563F56-12A0-4D32-8206-342B97DDD0C7}"
EndProject
Project("{FAE04EC0-301F-11D3-BF4B-00C04F79EFBC}") = "BepInEx.AssemblyPublicizer.Wrapper", "BepInEx.AssemblyPublicizer.Wrapper\BepInEx.AssemblyPublicizer.Wrapper.csproj", "{3AE3E7C9-71E9-46DF-9039-BDAEE4BC9A59}"
EndProject
Global
	GlobalSection(SolutionConfigurationPlatforms) = preSolution
		Debug|Any CPU = Debug|Any CPU
		Release|Any CPU = Release|Any CPU
	EndGlobalSection
	GlobalSection(ProjectConfigurationPlatforms) = postSolution
		{FF563F56-12A0-4D32-8206-342B97DDD0C7}.Debug|Any CPU.ActiveCfg = Debug|Any CPU
		{FF563F56-12A0-4D32-8206-342B97DDD0C7}.Debug|Any CPU.Build.0 = Debug|Any CPU
		{FF563F56-12A0-4D32-8206-342B97DDD0C7}.Release|Any CPU.ActiveCfg = Release|Any CPU
		{FF563F56-12A0-4D32-8206-342B97DDD0C7}.Release|Any CPU.Build.0 = Release|Any CPU
		{3AE3E7C9-71E9-46DF-9039-BDAEE4BC9A59}.Debug|Any CPU.ActiveCfg = Debug|Any CPU
		{3AE3E7C9-71E9-46DF-9039-BDAEE4BC9A59}.Debug|Any CPU.Build.0 = Debug|Any CPU
		{3AE3E7C9-71E9-46DF-9039-BDAEE4BC9A59}.Release|Any CPU.ActiveCfg = Release|Any CPU
		{3AE3E7C9-71E9-46DF-9039-BDAEE4BC9A59}.Release|Any CPU.Build.0 = Release|Any CPU
	EndGlobalSection
	GlobalSection(SolutionProperties) = preSolution
		HideSolutionNode = FALSE
	EndGlobalSection
EndGlobal
